
Microsoft Visual Studio Solution File, Format Version 12.00
# Visual Studio Version 16
VisualStudioVersion = 16.0.30717.126
MinimumVisualStudioVersion = 10.0.40219.1
Project("{FAE04EC0-301F-11D3-BF4B-00C04F79EFBC}") = "String", "SelfStudy_.NET\String.csproj", "{AF5DFEBB-06CD-4486-9C44-D97E01B0EF6B}"
EndProject
Project("{FAE04EC0-301F-11D3-BF4B-00C04F79EFBC}") = "DataType", "DataType\DataType.csproj", "{B9C593DD-9274-45C6-BA93-DC6FC500D4F0}"
EndProject
Project("{FAE04EC0-301F-11D3-BF4B-00C04F79EFBC}") = "Study_Enum", "Study_Enum\Study_Enum.csproj", "{63B2CAF8-3DDB-4AB8-A222-102AD68E4502}"
EndProject
Global
	GlobalSection(SolutionConfigurationPlatforms) = preSolution
		Debug|Any CPU = Debug|Any CPU
		Release|Any CPU = Release|Any CPU
	EndGlobalSection
	GlobalSection(ProjectConfigurationPlatforms) = postSolution
		{AF5DFEBB-06CD-4486-9C44-D97E01B0EF6B}.Debug|Any CPU.ActiveCfg = Debug|Any CPU
		{AF5DFEBB-06CD-4486-9C44-D97E01B0EF6B}.Debug|Any CPU.Build.0 = Debug|Any CPU
		{AF5DFEBB-06CD-4486-9C44-D97E01B0EF6B}.Release|Any CPU.ActiveCfg = Release|Any CPU
		{AF5DFEBB-06CD-4486-9C44-D97E01B0EF6B}.Release|Any CPU.Build.0 = Release|Any CPU
		{B9C593DD-9274-45C6-BA93-DC6FC500D4F0}.Debug|Any CPU.ActiveCfg = Debug|Any CPU
		{B9C593DD-9274-45C6-BA93-DC6FC500D4F0}.Debug|Any CPU.Build.0 = Debug|Any CPU
		{B9C593DD-9274-45C6-BA93-DC6FC500D4F0}.Release|Any CPU.ActiveCfg = Release|Any CPU
		{B9C593DD-9274-45C6-BA93-DC6FC500D4F0}.Release|Any CPU.Build.0 = Release|Any CPU
		{63B2CAF8-3DDB-4AB8-A222-102AD68E4502}.Debug|Any CPU.ActiveCfg = Debug|Any CPU
		{63B2CAF8-3DDB-4AB8-A222-102AD68E4502}.Debug|Any CPU.Build.0 = Debug|Any CPU
		{63B2CAF8-3DDB-4AB8-A222-102AD68E4502}.Release|Any CPU.ActiveCfg = Release|Any CPU
		{63B2CAF8-3DDB-4AB8-A222-102AD68E4502}.Release|Any CPU.Build.0 = Release|Any CPU
	EndGlobalSection
	GlobalSection(SolutionProperties) = preSolution
		HideSolutionNode = FALSE
	EndGlobalSection
	GlobalSection(ExtensibilityGlobals) = postSolution
		SolutionGuid = {E331F733-9355-4B2C-99C3-161ABA691175}
	EndGlobalSection
EndGlobal
